
Microsoft Visual Studio Solution File, Format Version 12.00
# Visual Studio Version 17
VisualStudioVersion = 17.3.32804.467
MinimumVisualStudioVersion = 10.0.40219.1
Project("{9A19103F-16F7-4668-BE54-9A1E7A4F7556}") = "PollingApp", "PollingApp\PollingApp.csproj", "{2EDCDC82-7172-4EC9-BE3A-19AAFD7E6FA4}"
EndProject
Project("{9A19103F-16F7-4668-BE54-9A1E7A4F7556}") = "Contracts", "Contracts\Contracts.csproj", "{92B04820-E4A9-4933-A38F-5AC81C67B1D8}"
EndProject
Project("{9A19103F-16F7-4668-BE54-9A1E7A4F7556}") = "LoggerService", "LoggerService\LoggerService.csproj", "{B1DB056B-2366-4656-94AD-F9220C325487}"
EndProject
Project("{FAE04EC0-301F-11D3-BF4B-00C04F79EFBC}") = "Entities", "Entities\Entities.csproj", "{C0B2308C-FEBB-4CF9-90F2-9AC8DED61648}"
EndProject
Project("{FAE04EC0-301F-11D3-BF4B-00C04F79EFBC}") = "Repository", "Repository\Repository.csproj", "{BE085117-2225-43FE-B417-C605B15466AA}"
EndProject
Global
	GlobalSection(SolutionConfigurationPlatforms) = preSolution
		Debug|Any CPU = Debug|Any CPU
		Release|Any CPU = Release|Any CPU
	EndGlobalSection
	GlobalSection(ProjectConfigurationPlatforms) = postSolution
		{2EDCDC82-7172-4EC9-BE3A-19AAFD7E6FA4}.Debug|Any CPU.ActiveCfg = Debug|Any CPU
		{2EDCDC82-7172-4EC9-BE3A-19AAFD7E6FA4}.Debug|Any CPU.Build.0 = Debug|Any CPU
		{2EDCDC82-7172-4EC9-BE3A-19AAFD7E6FA4}.Release|Any CPU.ActiveCfg = Release|Any CPU
		{2EDCDC82-7172-4EC9-BE3A-19AAFD7E6FA4}.Release|Any CPU.Build.0 = Release|Any CPU
		{92B04820-E4A9-4933-A38F-5AC81C67B1D8}.Debug|Any CPU.ActiveCfg = Debug|Any CPU
		{92B04820-E4A9-4933-A38F-5AC81C67B1D8}.Debug|Any CPU.Build.0 = Debug|Any CPU
		{92B04820-E4A9-4933-A38F-5AC81C67B1D8}.Release|Any CPU.ActiveCfg = Release|Any CPU
		{92B04820-E4A9-4933-A38F-5AC81C67B1D8}.Release|Any CPU.Build.0 = Release|Any CPU
		{B1DB056B-2366-4656-94AD-F9220C325487}.Debug|Any CPU.ActiveCfg = Debug|Any CPU
		{B1DB056B-2366-4656-94AD-F9220C325487}.Debug|Any CPU.Build.0 = Debug|Any CPU
		{B1DB056B-2366-4656-94AD-F9220C325487}.Release|Any CPU.ActiveCfg = Release|Any CPU
		{B1DB056B-2366-4656-94AD-F9220C325487}.Release|Any CPU.Build.0 = Release|Any CPU
		{C0B2308C-FEBB-4CF9-90F2-9AC8DED61648}.Debug|Any CPU.ActiveCfg = Debug|Any CPU
		{C0B2308C-FEBB-4CF9-90F2-9AC8DED61648}.Debug|Any CPU.Build.0 = Debug|Any CPU
		{C0B2308C-FEBB-4CF9-90F2-9AC8DED61648}.Release|Any CPU.ActiveCfg = Release|Any CPU
		{C0B2308C-FEBB-4CF9-90F2-9AC8DED61648}.Release|Any CPU.Build.0 = Release|Any CPU
		{BE085117-2225-43FE-B417-C605B15466AA}.Debug|Any CPU.ActiveCfg = Debug|Any CPU
		{BE085117-2225-43FE-B417-C605B15466AA}.Debug|Any CPU.Build.0 = Debug|Any CPU
		{BE085117-2225-43FE-B417-C605B15466AA}.Release|Any CPU.ActiveCfg = Release|Any CPU
		{BE085117-2225-43FE-B417-C605B15466AA}.Release|Any CPU.Build.0 = Release|Any CPU
	EndGlobalSection
	GlobalSection(SolutionProperties) = preSolution
		HideSolutionNode = FALSE
	EndGlobalSection
	GlobalSection(ExtensibilityGlobals) = postSolution
		SolutionGuid = {76C1E488-1792-40A6-90F7-8061CA9DEDC8}
	EndGlobalSection
EndGlobal
